
Microsoft Visual Studio Solution File, Format Version 12.00
# Visual Studio Version 16
VisualStudioVersion = 16.0.29920.165
MinimumVisualStudioVersion = 10.0.40219.1
Project("{FAE04EC0-301F-11D3-BF4B-00C04F79EFBC}") = "Nopat", "Nopat\Nopat.csproj", "{C0D6D7FD-C234-48D4-A444-BBDF1E88BFEF}"
EndProject
Global
	GlobalSection(SolutionConfigurationPlatforms) = preSolution
		Debug|Any CPU = Debug|Any CPU
		Release|Any CPU = Release|Any CPU
	EndGlobalSection
	GlobalSection(ProjectConfigurationPlatforms) = postSolution
		{C0D6D7FD-C234-48D4-A444-BBDF1E88BFEF}.Debug|Any CPU.ActiveCfg = Debug|Any CPU
		{C0D6D7FD-C234-48D4-A444-BBDF1E88BFEF}.Debug|Any CPU.Build.0 = Debug|Any CPU
		{C0D6D7FD-C234-48D4-A444-BBDF1E88BFEF}.Release|Any CPU.ActiveCfg = Release|Any CPU
		{C0D6D7FD-C234-48D4-A444-BBDF1E88BFEF}.Release|Any CPU.Build.0 = Release|Any CPU
	EndGlobalSection
	GlobalSection(SolutionProperties) = preSolution
		HideSolutionNode = FALSE
	EndGlobalSection
	GlobalSection(ExtensibilityGlobals) = postSolution
		SolutionGuid = {76330834-2080-44C5-BF0D-151C59817FBE}
	EndGlobalSection
EndGlobal
